// !$*UTF8*$!
{
	archiveVersion = 1;
	classes = {
	};
	objectVersion = 46;
	objects = {

/* Begin PBXBuildFile section */
		E67777AF1C5FFC1F0096D754 /* WeatherInfo.swift in Sources */ = {isa = PBXBuildFile; fileRef = E67777AE1C5FFC1F0096D754 /* WeatherInfo.swift */; };
		E67777B11C6002110096D754 /* Alamofire.framework in Frameworks */ = {isa = PBXBuildFile; fileRef = E67777B01C6002110096D754 /* Alamofire.framework */; };
		E67777B21C6002110096D754 /* Alamofire.framework in Embed Frameworks */ = {isa = PBXBuildFile; fileRef = E67777B01C6002110096D754 /* Alamofire.framework */; settings = {ATTRIBUTES = (CodeSignOnCopy, RemoveHeadersOnCopy, ); }; };
		E67777B41C60021A0096D754 /* SwiftyJSON.framework in Frameworks */ = {isa = PBXBuildFile; fileRef = E67777B31C60021A0096D754 /* SwiftyJSON.framework */; };
		E67777B51C60021A0096D754 /* SwiftyJSON.framework in Embed Frameworks */ = {isa = PBXBuildFile; fileRef = E67777B31C60021A0096D754 /* SwiftyJSON.framework */; settings = {ATTRIBUTES = (CodeSignOnCopy, RemoveHeadersOnCopy, ); }; };
		E67777B71C60132F0096D754 /* DataFetcher.swift in Sources */ = {isa = PBXBuildFile; fileRef = E67777B61C60132F0096D754 /* DataFetcher.swift */; };
		E67777B91C60149B0096D754 /* WeatherInfoViewController.swift in Sources */ = {isa = PBXBuildFile; fileRef = E67777B81C60149B0096D754 /* WeatherInfoViewController.swift */; };
		E67777BD1C601DA60096D754 /* ReactiveFoundation.framework in Frameworks */ = {isa = PBXBuildFile; fileRef = E67777BA1C601DA60096D754 /* ReactiveFoundation.framework */; };
		E67777BE1C601DA60096D754 /* ReactiveFoundation.framework in Embed Frameworks */ = {isa = PBXBuildFile; fileRef = E67777BA1C601DA60096D754 /* ReactiveFoundation.framework */; settings = {ATTRIBUTES = (CodeSignOnCopy, RemoveHeadersOnCopy, ); }; };
		E67777BF1C601DA60096D754 /* ReactiveKit.framework in Frameworks */ = {isa = PBXBuildFile; fileRef = E67777BB1C601DA60096D754 /* ReactiveKit.framework */; };
		E67777C01C601DA60096D754 /* ReactiveKit.framework in Embed Frameworks */ = {isa = PBXBuildFile; fileRef = E67777BB1C601DA60096D754 /* ReactiveKit.framework */; settings = {ATTRIBUTES = (CodeSignOnCopy, RemoveHeadersOnCopy, ); }; };
		E67777C11C601DA60096D754 /* ReactiveUIKit.framework in Frameworks */ = {isa = PBXBuildFile; fileRef = E67777BC1C601DA60096D754 /* ReactiveUIKit.framework */; };
		E67777C21C601DA60096D754 /* ReactiveUIKit.framework in Embed Frameworks */ = {isa = PBXBuildFile; fileRef = E67777BC1C601DA60096D754 /* ReactiveUIKit.framework */; settings = {ATTRIBUTES = (CodeSignOnCopy, RemoveHeadersOnCopy, ); }; };
		E690661E1C5AA12C0039CE74 /* AppDelegate.swift in Sources */ = {isa = PBXBuildFile; fileRef = E690661D1C5AA12C0039CE74 /* AppDelegate.swift */; };
		E69066251C5AA12C0039CE74 /* Main.storyboard in Resources */ = {isa = PBXBuildFile; fileRef = E69066231C5AA12C0039CE74 /* Main.storyboard */; };
		E69066271C5AA12C0039CE74 /* Assets.xcassets in Resources */ = {isa = PBXBuildFile; fileRef = E69066261C5AA12C0039CE74 /* Assets.xcassets */; };
		E69066341C5AA30E0039CE74 /* road_weather_stations.csv in Resources */ = {isa = PBXBuildFile; fileRef = E69066331C5AA30E0039CE74 /* road_weather_stations.csv */; };
		E69066381C5AA35F0039CE74 /* MapViewController.swift in Sources */ = {isa = PBXBuildFile; fileRef = E69066371C5AA35F0039CE74 /* MapViewController.swift */; };
		E690663A1C5AA4E20039CE74 /* MapKit.framework in Frameworks */ = {isa = PBXBuildFile; fileRef = E69066391C5AA4E20039CE74 /* MapKit.framework */; };
		E6D12AED1C5AA9E5005D8FE7 /* SwiftCSV.framework.dSYM in CopyFiles */ = {isa = PBXBuildFile; fileRef = E6D12AEC1C5AA9E5005D8FE7 /* SwiftCSV.framework.dSYM */; };
		E6D12AEF1C5AAA10005D8FE7 /* SwiftCSV.framework in Frameworks */ = {isa = PBXBuildFile; fileRef = E6D12AEE1C5AAA10005D8FE7 /* SwiftCSV.framework */; };
		E6D12AF01C5AAA10005D8FE7 /* SwiftCSV.framework in Embed Frameworks */ = {isa = PBXBuildFile; fileRef = E6D12AEE1C5AAA10005D8FE7 /* SwiftCSV.framework */; settings = {ATTRIBUTES = (CodeSignOnCopy, RemoveHeadersOnCopy, ); }; };
		E6D12AF31C5AC134005D8FE7 /* WeatherStation.swift in Sources */ = {isa = PBXBuildFile; fileRef = E6D12AF21C5AC134005D8FE7 /* WeatherStation.swift */; };
		E6D12AF51C5C0292005D8FE7 /* WeatherStationOverlay.swift in Sources */ = {isa = PBXBuildFile; fileRef = E6D12AF41C5C0292005D8FE7 /* WeatherStationOverlay.swift */; };
/* End PBXBuildFile section */

/* Begin PBXCopyFilesBuildPhase section */
		E6D12AEB1C5AA9CA005D8FE7 /* CopyFiles */ = {
			isa = PBXCopyFilesBuildPhase;
			buildActionMask = 2147483647;
			dstPath = "";
			dstSubfolderSpec = 16;
			files = (
				E6D12AED1C5AA9E5005D8FE7 /* SwiftCSV.framework.dSYM in CopyFiles */,
			);
			runOnlyForDeploymentPostprocessing = 0;
		};
		E6D12AF11C5AAA11005D8FE7 /* Embed Frameworks */ = {
			isa = PBXCopyFilesBuildPhase;
			buildActionMask = 2147483647;
			dstPath = "";
			dstSubfolderSpec = 10;
			files = (
				E67777B51C60021A0096D754 /* SwiftyJSON.framework in Embed Frameworks */,
				E67777C01C601DA60096D754 /* ReactiveKit.framework in Embed Frameworks */,
				E67777C21C601DA60096D754 /* ReactiveUIKit.framework in Embed Frameworks */,
				E6D12AF01C5AAA10005D8FE7 /* SwiftCSV.framework in Embed Frameworks */,
				E67777BE1C601DA60096D754 /* ReactiveFoundation.framework in Embed Frameworks */,
				E67777B21C6002110096D754 /* Alamofire.framework in Embed Frameworks */,
			);
			name = "Embed Frameworks";
			runOnlyForDeploymentPostprocessing = 0;
		};
/* End PBXCopyFilesBuildPhase section */

/* Begin PBXFileReference section */
		E6267BA41C5C238700A95763 /* Bond.framework */ = {isa = PBXFileReference; lastKnownFileType = wrapper.framework; name = Bond.framework; path = Carthage/Build/iOS/Bond.framework; sourceTree = "<group>"; };
		E67777AE1C5FFC1F0096D754 /* WeatherInfo.swift */ = {isa = PBXFileReference; fileEncoding = 4; lastKnownFileType = sourcecode.swift; path = WeatherInfo.swift; sourceTree = "<group>"; };
		E67777B01C6002110096D754 /* Alamofire.framework */ = {isa = PBXFileReference; lastKnownFileType = wrapper.framework; name = Alamofire.framework; path = Carthage/Build/iOS/Alamofire.framework; sourceTree = "<group>"; };
		E67777B31C60021A0096D754 /* SwiftyJSON.framework */ = {isa = PBXFileReference; lastKnownFileType = wrapper.framework; name = SwiftyJSON.framework; path = Carthage/Build/iOS/SwiftyJSON.framework; sourceTree = "<group>"; };
		E67777B61C60132F0096D754 /* DataFetcher.swift */ = {isa = PBXFileReference; fileEncoding = 4; lastKnownFileType = sourcecode.swift; path = DataFetcher.swift; sourceTree = "<group>"; };
		E67777B81C60149B0096D754 /* WeatherInfoViewController.swift */ = {isa = PBXFileReference; fileEncoding = 4; lastKnownFileType = sourcecode.swift; path = WeatherInfoViewController.swift; sourceTree = "<group>"; };
		E67777BA1C601DA60096D754 /* ReactiveFoundation.framework */ = {isa = PBXFileReference; lastKnownFileType = wrapper.framework; name = ReactiveFoundation.framework; path = Carthage/Build/iOS/ReactiveFoundation.framework; sourceTree = "<group>"; };
		E67777BB1C601DA60096D754 /* ReactiveKit.framework */ = {isa = PBXFileReference; lastKnownFileType = wrapper.framework; name = ReactiveKit.framework; path = Carthage/Build/iOS/ReactiveKit.framework; sourceTree = "<group>"; };
		E67777BC1C601DA60096D754 /* ReactiveUIKit.framework */ = {isa = PBXFileReference; lastKnownFileType = wrapper.framework; name = ReactiveUIKit.framework; path = Carthage/Build/iOS/ReactiveUIKit.framework; sourceTree = "<group>"; };
		E690661A1C5AA12C0039CE74 /* Trafalert.app */ = {isa = PBXFileReference; explicitFileType = wrapper.application; includeInIndex = 0; path = Trafalert.app; sourceTree = BUILT_PRODUCTS_DIR; };
		E690661D1C5AA12C0039CE74 /* AppDelegate.swift */ = {isa = PBXFileReference; lastKnownFileType = sourcecode.swift; path = AppDelegate.swift; sourceTree = "<group>"; };
		E69066241C5AA12C0039CE74 /* Base */ = {isa = PBXFileReference; lastKnownFileType = file.storyboard; name = Base; path = Base.lproj/Main.storyboard; sourceTree = "<group>"; };
		E69066261C5AA12C0039CE74 /* Assets.xcassets */ = {isa = PBXFileReference; lastKnownFileType = folder.assetcatalog; path = Assets.xcassets; sourceTree = "<group>"; };
		E690662B1C5AA12C0039CE74 /* Info.plist */ = {isa = PBXFileReference; lastKnownFileType = text.plist.xml; path = Info.plist; sourceTree = "<group>"; };
		E69066311C5AA2B30039CE74 /* SwiftCSV.framework */ = {isa = PBXFileReference; lastKnownFileType = wrapper.framework; name = SwiftCSV.framework; path = Carthage/Build/iOS/SwiftCSV.framework; sourceTree = "<group>"; };
		E69066331C5AA30E0039CE74 /* road_weather_stations.csv */ = {isa = PBXFileReference; fileEncoding = 4; lastKnownFileType = text; path = road_weather_stations.csv; sourceTree = "<group>"; };
		E69066371C5AA35F0039CE74 /* MapViewController.swift */ = {isa = PBXFileReference; fileEncoding = 4; lastKnownFileType = sourcecode.swift; path = MapViewController.swift; sourceTree = "<group>"; };
		E69066391C5AA4E20039CE74 /* MapKit.framework */ = {isa = PBXFileReference; lastKnownFileType = wrapper.framework; name = MapKit.framework; path = System/Library/Frameworks/MapKit.framework; sourceTree = SDKROOT; };
		E6D12AEC1C5AA9E5005D8FE7 /* SwiftCSV.framework.dSYM */ = {isa = PBXFileReference; lastKnownFileType = wrapper.dsym; name = SwiftCSV.framework.dSYM; path = Carthage/Build/iOS/SwiftCSV.framework.dSYM; sourceTree = "<group>"; };
		E6D12AEE1C5AAA10005D8FE7 /* SwiftCSV.framework */ = {isa = PBXFileReference; lastKnownFileType = wrapper.framework; name = SwiftCSV.framework; path = Carthage/Build/iOS/SwiftCSV.framework; sourceTree = "<group>"; };
		E6D12AF21C5AC134005D8FE7 /* WeatherStation.swift */ = {isa = PBXFileReference; fileEncoding = 4; lastKnownFileType = sourcecode.swift; path = WeatherStation.swift; sourceTree = "<group>"; };
		E6D12AF41C5C0292005D8FE7 /* WeatherStationOverlay.swift */ = {isa = PBXFileReference; fileEncoding = 4; lastKnownFileType = sourcecode.swift; path = WeatherStationOverlay.swift; sourceTree = "<group>"; };
/* End PBXFileReference section */

/* Begin PBXFrameworksBuildPhase section */
		E69066171C5AA12C0039CE74 /* Frameworks */ = {
			isa = PBXFrameworksBuildPhase;
			buildActionMask = 2147483647;
			files = (
				E67777BD1C601DA60096D754 /* ReactiveFoundation.framework in Frameworks */,
				E67777C11C601DA60096D754 /* ReactiveUIKit.framework in Frameworks */,
				E690663A1C5AA4E20039CE74 /* MapKit.framework in Frameworks */,
				E6D12AEF1C5AAA10005D8FE7 /* SwiftCSV.framework in Frameworks */,
				E67777B11C6002110096D754 /* Alamofire.framework in Frameworks */,
				E67777BF1C601DA60096D754 /* ReactiveKit.framework in Frameworks */,
				E67777B41C60021A0096D754 /* SwiftyJSON.framework in Frameworks */,
			);
			runOnlyForDeploymentPostprocessing = 0;
		};
/* End PBXFrameworksBuildPhase section */

/* Begin PBXGroup section */
		E69066111C5AA12C0039CE74 = {
			isa = PBXGroup;
			children = (
				E67777BA1C601DA60096D754 /* ReactiveFoundation.framework */,
				E67777BB1C601DA60096D754 /* ReactiveKit.framework */,
				E67777BC1C601DA60096D754 /* ReactiveUIKit.framework */,
				E67777B31C60021A0096D754 /* SwiftyJSON.framework */,
				E67777B01C6002110096D754 /* Alamofire.framework */,
				E6267BA41C5C238700A95763 /* Bond.framework */,
				E6D12AEE1C5AAA10005D8FE7 /* SwiftCSV.framework */,
				E6D12AEC1C5AA9E5005D8FE7 /* SwiftCSV.framework.dSYM */,
				E69066391C5AA4E20039CE74 /* MapKit.framework */,
				E69066311C5AA2B30039CE74 /* SwiftCSV.framework */,
				E690661C1C5AA12C0039CE74 /* Trafalert */,
				E690661B1C5AA12C0039CE74 /* Products */,
			);
			sourceTree = "<group>";
		};
		E690661B1C5AA12C0039CE74 /* Products */ = {
			isa = PBXGroup;
			children = (
				E690661A1C5AA12C0039CE74 /* Trafalert.app */,
			);
			name = Products;
			sourceTree = "<group>";
		};
		E690661C1C5AA12C0039CE74 /* Trafalert */ = {
			isa = PBXGroup;
			children = (
				E69066331C5AA30E0039CE74 /* road_weather_stations.csv */,
				E690661D1C5AA12C0039CE74 /* AppDelegate.swift */,
				E69066231C5AA12C0039CE74 /* Main.storyboard */,
				E69066261C5AA12C0039CE74 /* Assets.xcassets */,
				E690662B1C5AA12C0039CE74 /* Info.plist */,
				E69066371C5AA35F0039CE74 /* MapViewController.swift */,
				E6D12AF21C5AC134005D8FE7 /* WeatherStation.swift */,
				E6D12AF41C5C0292005D8FE7 /* WeatherStationOverlay.swift */,
				E67777AE1C5FFC1F0096D754 /* WeatherInfo.swift */,
				E67777B61C60132F0096D754 /* DataFetcher.swift */,
				E67777B81C60149B0096D754 /* WeatherInfoViewController.swift */,
			);
			path = Trafalert;
			sourceTree = "<group>";
		};
/* End PBXGroup section */

/* Begin PBXNativeTarget section */
		E69066191C5AA12C0039CE74 /* Trafalert */ = {
			isa = PBXNativeTarget;
			buildConfigurationList = E690662E1C5AA12C0039CE74 /* Build configuration list for PBXNativeTarget "Trafalert" */;
			buildPhases = (
				E69066161C5AA12C0039CE74 /* Sources */,
				E69066171C5AA12C0039CE74 /* Frameworks */,
				E69066181C5AA12C0039CE74 /* Resources */,
				E6D12AEB1C5AA9CA005D8FE7 /* CopyFiles */,
				E6D12AF11C5AAA11005D8FE7 /* Embed Frameworks */,
			);
			buildRules = (
			);
			dependencies = (
			);
			name = Trafalert;
			productName = Trafalert;
			productReference = E690661A1C5AA12C0039CE74 /* Trafalert.app */;
			productType = "com.apple.product-type.application";
		};
/* End PBXNativeTarget section */

/* Begin PBXProject section */
		E69066121C5AA12C0039CE74 /* Project object */ = {
			isa = PBXProject;
			attributes = {
				LastSwiftUpdateCheck = 0720;
				LastUpgradeCheck = 0720;
				ORGANIZATIONNAME = "Tomi Lahtinen";
				TargetAttributes = {
					E69066191C5AA12C0039CE74 = {
						CreatedOnToolsVersion = 7.2;
						SystemCapabilities = {
							com.apple.BackgroundModes = {
								enabled = 1;
							};
							com.apple.Maps.iOS = {
								enabled = 1;
							};
						};
					};
				};
			};
			buildConfigurationList = E69066151C5AA12C0039CE74 /* Build configuration list for PBXProject "Trafalert" */;
			compatibilityVersion = "Xcode 3.2";
			developmentRegion = English;
			hasScannedForEncodings = 0;
			knownRegions = (
				en,
				Base,
			);
			mainGroup = E69066111C5AA12C0039CE74;
			productRefGroup = E690661B1C5AA12C0039CE74 /* Products */;
			projectDirPath = "";
			projectRoot = "";
			targets = (
				E69066191C5AA12C0039CE74 /* Trafalert */,
			);
		};
/* End PBXProject section */

/* Begin PBXResourcesBuildPhase section */
		E69066181C5AA12C0039CE74 /* Resources */ = {
			isa = PBXResourcesBuildPhase;
			buildActionMask = 2147483647;
			files = (
				E69066341C5AA30E0039CE74 /* road_weather_stations.csv in Resources */,
				E69066271C5AA12C0039CE74 /* Assets.xcassets in Resources */,
				E69066251C5AA12C0039CE74 /* Main.storyboard in Resources */,
			);
			runOnlyForDeploymentPostprocessing = 0;
		};
/* End PBXResourcesBuildPhase section */

/* Begin PBXSourcesBuildPhase section */
		E69066161C5AA12C0039CE74 /* Sources */ = {
			isa = PBXSourcesBuildPhase;
			buildActionMask = 2147483647;
			files = (
				E690661E1C5AA12C0039CE74 /* AppDelegate.swift in Sources */,
				E67777B71C60132F0096D754 /* DataFetcher.swift in Sources */,
				E6D12AF31C5AC134005D8FE7 /* WeatherStation.swift in Sources */,
				E67777AF1C5FFC1F0096D754 /* WeatherInfo.swift in Sources */,
				E69066381C5AA35F0039CE74 /* MapViewController.swift in Sources */,
				E6D12AF51C5C0292005D8FE7 /* WeatherStationOverlay.swift in Sources */,
				E67777B91C60149B0096D754 /* WeatherInfoViewController.swift in Sources */,
			);
			runOnlyForDeploymentPostprocessing = 0;
		};
/* End PBXSourcesBuildPhase section */

/* Begin PBXVariantGroup section */
		E69066231C5AA12C0039CE74 /* Main.storyboard */ = {
			isa = PBXVariantGroup;
			children = (
				E69066241C5AA12C0039CE74 /* Base */,
			);
			name = Main.storyboard;
			sourceTree = "<group>";
		};
/* End PBXVariantGroup section */

/* Begin XCBuildConfiguration section */
		E690662C1C5AA12C0039CE74 /* Debug */ = {
			isa = XCBuildConfiguration;
			buildSettings = {
				ALWAYS_SEARCH_USER_PATHS = NO;
				CLANG_CXX_LANGUAGE_STANDARD = "gnu++0x";
				CLANG_CXX_LIBRARY = "libc++";
				CLANG_ENABLE_MODULES = YES;
				CLANG_ENABLE_OBJC_ARC = YES;
				CLANG_WARN_BOOL_CONVERSION = YES;
				CLANG_WARN_CONSTANT_CONVERSION = YES;
				CLANG_WARN_DIRECT_OBJC_ISA_USAGE = YES_ERROR;
				CLANG_WARN_EMPTY_BODY = YES;
				CLANG_WARN_ENUM_CONVERSION = YES;
				CLANG_WARN_INT_CONVERSION = YES;
				CLANG_WARN_OBJC_ROOT_CLASS = YES_ERROR;
				CLANG_WARN_UNREACHABLE_CODE = YES;
				CLANG_WARN__DUPLICATE_METHOD_MATCH = YES;
				"CODE_SIGN_IDENTITY[sdk=iphoneos*]" = "iPhone Developer";
				COPY_PHASE_STRIP = NO;
				DEBUG_INFORMATION_FORMAT = dwarf;
				ENABLE_STRICT_OBJC_MSGSEND = YES;
				ENABLE_TESTABILITY = YES;
				GCC_C_LANGUAGE_STANDARD = gnu99;
				GCC_DYNAMIC_NO_PIC = NO;
				GCC_NO_COMMON_BLOCKS = YES;
				GCC_OPTIMIZATION_LEVEL = 0;
				GCC_PREPROCESSOR_DEFINITIONS = (
					"DEBUG=1",
					"$(inherited)",
				);
				GCC_WARN_64_TO_32_BIT_CONVERSION = YES;
				GCC_WARN_ABOUT_RETURN_TYPE = YES_ERROR;
				GCC_WARN_UNDECLARED_SELECTOR = YES;
				GCC_WARN_UNINITIALIZED_AUTOS = YES_AGGRESSIVE;
				GCC_WARN_UNUSED_FUNCTION = YES;
				GCC_WARN_UNUSED_VARIABLE = YES;
				IPHONEOS_DEPLOYMENT_TARGET = 9.2;
				MTL_ENABLE_DEBUG_INFO = YES;
				ONLY_ACTIVE_ARCH = YES;
				SDKROOT = iphoneos;
				SWIFT_OPTIMIZATION_LEVEL = "-Onone";
			};
			name = Debug;
		};
		E690662D1C5AA12C0039CE74 /* Release */ = {
			isa = XCBuildConfiguration;
			buildSettings = {
				ALWAYS_SEARCH_USER_PATHS = NO;
				CLANG_CXX_LANGUAGE_STANDARD = "gnu++0x";
				CLANG_CXX_LIBRARY = "libc++";
				CLANG_ENABLE_MODULES = YES;
				CLANG_ENABLE_OBJC_ARC = YES;
				CLANG_WARN_BOOL_CONVERSION = YES;
				CLANG_WARN_CONSTANT_CONVERSION = YES;
				CLANG_WARN_DIRECT_OBJC_ISA_USAGE = YES_ERROR;
				CLANG_WARN_EMPTY_BODY = YES;
				CLANG_WARN_ENUM_CONVERSION = YES;
				CLANG_WARN_INT_CONVERSION = YES;
				CLANG_WARN_OBJC_ROOT_CLASS = YES_ERROR;
				CLANG_WARN_UNREACHABLE_CODE = YES;
				CLANG_WARN__DUPLICATE_METHOD_MATCH = YES;
				"CODE_SIGN_IDENTITY[sdk=iphoneos*]" = "iPhone Developer";
				COPY_PHASE_STRIP = NO;
				DEBUG_INFORMATION_FORMAT = "dwarf-with-dsym";
				ENABLE_NS_ASSERTIONS = NO;
				ENABLE_STRICT_OBJC_MSGSEND = YES;
				GCC_C_LANGUAGE_STANDARD = gnu99;
				GCC_NO_COMMON_BLOCKS = YES;
				GCC_WARN_64_TO_32_BIT_CONVERSION = YES;
				GCC_WARN_ABOUT_RETURN_TYPE = YES_ERROR;
				GCC_WARN_UNDECLARED_SELECTOR = YES;
				GCC_WARN_UNINITIALIZED_AUTOS = YES_AGGRESSIVE;
				GCC_WARN_UNUSED_FUNCTION = YES;
				GCC_WARN_UNUSED_VARIABLE = YES;
				IPHONEOS_DEPLOYMENT_TARGET = 9.2;
				MTL_ENABLE_DEBUG_INFO = NO;
				SDKROOT = iphoneos;
				VALIDATE_PRODUCT = YES;
			};
			name = Release;
		};
		E690662F1C5AA12C0039CE74 /* Debug */ = {
			isa = XCBuildConfiguration;
			buildSettings = {
				ASSETCATALOG_COMPILER_APPICON_NAME = AppIcon;
				FRAMEWORK_SEARCH_PATHS = (
					"$(inherited)",
					"$(PROJECT_DIR)/Carthage/Build/iOS",
				);
				INFOPLIST_FILE = Trafalert/Info.plist;
				LD_RUNPATH_SEARCH_PATHS = "$(inherited) @executable_path/Frameworks";
				PRODUCT_BUNDLE_IDENTIFIER = com.studiowannabe.Trafalert;
				PRODUCT_NAME = "$(TARGET_NAME)";
			};
			name = Debug;
		};
		E69066301C5AA12C0039CE74 /* Release */ = {
			isa = XCBuildConfiguration;
			buildSettings = {
				ASSETCATALOG_COMPILER_APPICON_NAME = AppIcon;
				FRAMEWORK_SEARCH_PATHS = (
					"$(inherited)",
					"$(PROJECT_DIR)/Carthage/Build/iOS",
				);
				INFOPLIST_FILE = Trafalert/Info.plist;
				LD_RUNPATH_SEARCH_PATHS = "$(inherited) @executable_path/Frameworks";
				PRODUCT_BUNDLE_IDENTIFIER = com.studiowannabe.Trafalert;
				PRODUCT_NAME = "$(TARGET_NAME)";
			};
			name = Release;
		};
/* End XCBuildConfiguration section */

/* Begin XCConfigurationList section */
		E69066151C5AA12C0039CE74 /* Build configuration list for PBXProject "Trafalert" */ = {
			isa = XCConfigurationList;
			buildConfigurations = (
				E690662C1C5AA12C0039CE74 /* Debug */,
				E690662D1C5AA12C0039CE74 /* Release */,
			);
			defaultConfigurationIsVisible = 0;
			defaultConfigurationName = Release;
		};
		E690662E1C5AA12C0039CE74 /* Build configuration list for PBXNativeTarget "Trafalert" */ = {
			isa = XCConfigurationList;
			buildConfigurations = (
				E690662F1C5AA12C0039CE74 /* Debug */,
				E69066301C5AA12C0039CE74 /* Release */,
			);
			defaultConfigurationIsVisible = 0;
			defaultConfigurationName = Release;
		};
/* End XCConfigurationList section */
	};
	rootObject = E69066121C5AA12C0039CE74 /* Project object */;
}
